Microsoft Visual Studio Solution File, Format Version 12.00
# Visual Studio Version 17
VisualStudioVersion = 17.5.2.0
MinimumVisualStudioVersion = 10.0.40219.1
Project("{FAE04EC0-301F-11D3-BF4B-00C04F79EFBC}") = "ProyectoRickYMorty", "ProyectoRickYMorty.csproj", "{0D23E1BA-5003-F0DA-66F0-22CABEBF63DC}"
EndProject
Global
	GlobalSection(SolutionConfigurationPlatforms) = preSolution
		Debug|Any CPU = Debug|Any CPU
		Release|Any CPU = Release|Any CPU
	EndGlobalSection
	GlobalSection(ProjectConfigurationPlatforms) = postSolution
		{0D23E1BA-5003-F0DA-66F0-22CABEBF63DC}.Debug|Any CPU.ActiveCfg = Debug|Any CPU
		{0D23E1BA-5003-F0DA-66F0-22CABEBF63DC}.Debug|Any CPU.Build.0 = Debug|Any CPU
		{0D23E1BA-5003-F0DA-66F0-22CABEBF63DC}.Release|Any CPU.ActiveCfg = Release|Any CPU
		{0D23E1BA-5003-F0DA-66F0-22CABEBF63DC}.Release|Any CPU.Build.0 = Release|Any CPU
	EndGlobalSection
	GlobalSection(SolutionProperties) = preSolution
		HideSolutionNode = FALSE
	EndGlobalSection
	GlobalSection(ExtensibilityGlobals) = postSolution
		SolutionGuid = {CFAA23BD-93BE-40CF-9389-EA616133D409}
	EndGlobalSection
EndGlobal
